
Microsoft Visual Studio Solution File, Format Version 12.00
# Visual Studio 15
VisualStudioVersion = 15.0.28010.2016
MinimumVisualStudioVersion = 10.0.40219.1
Project("{FAE04EC0-301F-11D3-BF4B-00C04F79EFBC}") = "adatGyujtoX.Android", "adatGyujtoX\adatGyujtoX.Android\adatGyujtoX.Android.csproj", "{A7073357-2927-4753-8246-C36DE65509BF}"
EndProject
Project("{FAE04EC0-301F-11D3-BF4B-00C04F79EFBC}") = "adatGyujtoX.iOS", "adatGyujtoX\adatGyujtoX.iOS\adatGyujtoX.iOS.csproj", "{CDF5DA54-D687-411C-86E3-A73880FB6925}"
EndProject
Project("{FAE04EC0-301F-11D3-BF4B-00C04F79EFBC}") = "adatGyujtoX.UWP", "adatGyujtoX\adatGyujtoX.UWP\adatGyujtoX.UWP.csproj", "{81FF0AA9-1E6A-4882-8FBE-982367899739}"
EndProject
Project("{D954291E-2A0B-460D-934E-DC6B0785DB48}") = "adatGyujtoX", "adatGyujtoX\adatGyujtoX\adatGyujtoX.shproj", "{B2C79D0B-8A6E-44D8-AB25-6F5789B23E30}"
EndProject
Global
	GlobalSection(SharedMSBuildProjectFiles) = preSolution
		adatGyujtoX\adatGyujtoX\adatGyujtoX.projitems*{81ff0aa9-1e6a-4882-8fbe-982367899739}*SharedItemsImports = 4
		adatGyujtoX\adatGyujtoX\adatGyujtoX.projitems*{a7073357-2927-4753-8246-c36de65509bf}*SharedItemsImports = 4
		adatGyujtoX\adatGyujtoX\adatGyujtoX.projitems*{b2c79d0b-8a6e-44d8-ab25-6f5789b23e30}*SharedItemsImports = 13
		adatGyujtoX\adatGyujtoX\adatGyujtoX.projitems*{cdf5da54-d687-411c-86e3-a73880fb6925}*SharedItemsImports = 4
	EndGlobalSection
	GlobalSection(SolutionConfigurationPlatforms) = preSolution
		Ad-Hoc|Any CPU = Ad-Hoc|Any CPU
		Ad-Hoc|ARM = Ad-Hoc|ARM
		Ad-Hoc|iPhone = Ad-Hoc|iPhone
		Ad-Hoc|iPhoneSimulator = Ad-Hoc|iPhoneSimulator
		Ad-Hoc|x64 = Ad-Hoc|x64
		Ad-Hoc|x86 = Ad-Hoc|x86
		AppStore|Any CPU = AppStore|Any CPU
		AppStore|ARM = AppStore|ARM
		AppStore|iPhone = AppStore|iPhone
		AppStore|iPhoneSimulator = AppStore|iPhoneSimulator
		AppStore|x64 = AppStore|x64
		AppStore|x86 = AppStore|x86
		Debug|Any CPU = Debug|Any CPU
		Debug|ARM = Debug|ARM
		Debug|iPhone = Debug|iPhone
		Debug|iPhoneSimulator = Debug|iPhoneSimulator
		Debug|x64 = Debug|x64
		Debug|x86 = Debug|x86
		Release|Any CPU = Release|Any CPU
		Release|ARM = Release|ARM
		Release|iPhone = Release|iPhone
		Release|iPhoneSimulator = Release|iPhoneSimulator
		Release|x64 = Release|x64
		Release|x86 = Release|x86
	EndGlobalSection
	GlobalSection(ProjectConfigurationPlatforms) = postSolution
		{A7073357-2927-4753-8246-C36DE65509BF}.Ad-Hoc|Any CPU.ActiveCfg = Release|Any CPU
		{A7073357-2927-4753-8246-C36DE65509BF}.Ad-Hoc|Any CPU.Build.0 = Release|Any CPU
		{A7073357-2927-4753-8246-C36DE65509BF}.Ad-Hoc|Any CPU.Deploy.0 = Release|Any CPU
		{A7073357-2927-4753-8246-C36DE65509BF}.Ad-Hoc|ARM.ActiveCfg = Release|Any CPU
		{A7073357-2927-4753-8246-C36DE65509BF}.Ad-Hoc|ARM.Build.0 = Release|Any CPU
		{A7073357-2927-4753-8246-C36DE65509BF}.Ad-Hoc|ARM.Deploy.0 = Release|Any CPU
		{A7073357-2927-4753-8246-C36DE65509BF}.Ad-Hoc|iPhone.ActiveCfg = Release|Any CPU
		{A7073357-2927-4753-8246-C36DE65509BF}.Ad-Hoc|iPhone.Build.0 = Release|Any CPU
		{A7073357-2927-4753-8246-C36DE65509BF}.Ad-Hoc|iPhone.Deploy.0 = Release|Any CPU
		{A7073357-2927-4753-8246-C36DE65509BF}.Ad-Hoc|iPhoneSimulator.ActiveCfg = Release|Any CPU
		{A7073357-2927-4753-8246-C36DE65509BF}.Ad-Hoc|iPhoneSimulator.Build.0 = Release|Any CPU
		{A7073357-2927-4753-8246-C36DE65509BF}.Ad-Hoc|iPhoneSimulator.Deploy.0 = Release|Any CPU
		{A7073357-2927-4753-8246-C36DE65509BF}.Ad-Hoc|x64.ActiveCfg = Release|Any CPU
		{A7073357-2927-4753-8246-C36DE65509BF}.Ad-Hoc|x64.Build.0 = Release|Any CPU
		{A7073357-2927-4753-8246-C36DE65509BF}.Ad-Hoc|x64.Deploy.0 = Release|Any CPU
		{A7073357-2927-4753-8246-C36DE65509BF}.Ad-Hoc|x86.ActiveCfg = Release|Any CPU
		{A7073357-2927-4753-8246-C36DE65509BF}.Ad-Hoc|x86.Build.0 = Release|Any CPU
		{A7073357-2927-4753-8246-C36DE65509BF}.Ad-Hoc|x86.Deploy.0 = Release|Any CPU
		{A7073357-2927-4753-8246-C36DE65509BF}.AppStore|Any CPU.ActiveCfg = Release|Any CPU
		{A7073357-2927-4753-8246-C36DE65509BF}.AppStore|Any CPU.Build.0 = Release|Any CPU
		{A7073357-2927-4753-8246-C36DE65509BF}.AppStore|Any CPU.Deploy.0 = Release|Any CPU
		{A7073357-2927-4753-8246-C36DE65509BF}.AppStore|ARM.ActiveCfg = Release|Any CPU
		{A7073357-2927-4753-8246-C36DE65509BF}.AppStore|ARM.Build.0 = Release|Any CPU
		{A7073357-2927-4753-8246-C36DE65509BF}.AppStore|ARM.Deploy.0 = Release|Any CPU
		{A7073357-2927-4753-8246-C36DE65509BF}.AppStore|iPhone.ActiveCfg = Release|Any CPU
		{A7073357-2927-4753-8246-C36DE65509BF}.AppStore|iPhone.Build.0 = Release|Any CPU
		{A7073357-2927-4753-8246-C36DE65509BF}.AppStore|iPhone.Deploy.0 = Release|Any CPU
		{A7073357-2927-4753-8246-C36DE65509BF}.AppStore|iPhoneSimulator.ActiveCfg = Release|Any CPU
		{A7073357-2927-4753-8246-C36DE65509BF}.AppStore|iPhoneSimulator.Build.0 = Release|Any CPU
		{A7073357-2927-4753-8246-C36DE65509BF}.AppStore|iPhoneSimulator.Deploy.0 = Release|Any CPU
		{A7073357-2927-4753-8246-C36DE65509BF}.AppStore|x64.ActiveCfg = Release|Any CPU
		{A7073357-2927-4753-8246-C36DE65509BF}.AppStore|x64.Build.0 = Release|Any CPU
		{A7073357-2927-4753-8246-C36DE65509BF}.AppStore|x64.Deploy.0 = Release|Any CPU
		{A7073357-2927-4753-8246-C36DE65509BF}.AppStore|x86.ActiveCfg = Release|Any CPU
		{A7073357-2927-4753-8246-C36DE65509BF}.AppStore|x86.Build.0 = Release|Any CPU
		{A7073357-2927-4753-8246-C36DE65509BF}.AppStore|x86.Deploy.0 = Release|Any CPU
		{A7073357-2927-4753-8246-C36DE65509BF}.Debug|Any CPU.ActiveCfg = Debug|Any CPU
		{A7073357-2927-4753-8246-C36DE65509BF}.Debug|Any CPU.Build.0 = Debug|Any CPU
		{A7073357-2927-4753-8246-C36DE65509BF}.Debug|Any CPU.Deploy.0 = Debug|Any CPU
		{A7073357-2927-4753-8246-C36DE65509BF}.Debug|ARM.ActiveCfg = Debug|Any CPU
		{A7073357-2927-4753-8246-C36DE65509BF}.Debug|ARM.Build.0 = Debug|Any CPU
		{A7073357-2927-4753-8246-C36DE65509BF}.Debug|ARM.Deploy.0 = Debug|Any CPU
		{A7073357-2927-4753-8246-C36DE65509BF}.Debug|iPhone.ActiveCfg = Debug|Any CPU
		{A7073357-2927-4753-8246-C36DE65509BF}.Debug|iPhone.Build.0 = Debug|Any CPU
		{A7073357-2927-4753-8246-C36DE65509BF}.Debug|iPhone.Deploy.0 = Debug|Any CPU
		{A7073357-2927-4753-8246-C36DE65509BF}.Debug|iPhoneSimulator.ActiveCfg = Debug|Any CPU
		{A7073357-2927-4753-8246-C36DE65509BF}.Debug|iPhoneSimulator.Build.0 = Debug|Any CPU
		{A7073357-2927-4753-8246-C36DE65509BF}.Debug|iPhoneSimulator.Deploy.0 = Debug|Any CPU
		{A7073357-2927-4753-8246-C36DE65509BF}.Debug|x64.ActiveCfg = Debug|Any CPU
		{A7073357-2927-4753-8246-C36DE65509BF}.Debug|x64.Build.0 = Debug|Any CPU
		{A7073357-2927-4753-8246-C36DE65509BF}.Debug|x64.Deploy.0 = Debug|Any CPU
		{A7073357-2927-4753-8246-C36DE65509BF}.Debug|x86.ActiveCfg = Debug|Any CPU
		{A7073357-2927-4753-8246-C36DE65509BF}.Debug|x86.Build.0 = Debug|Any CPU
		{A7073357-2927-4753-8246-C36DE65509BF}.Debug|x86.Deploy.0 = Debug|Any CPU
		{A7073357-2927-4753-8246-C36DE65509BF}.Release|Any CPU.ActiveCfg = Release|Any CPU
		{A7073357-2927-4753-8246-C36DE65509BF}.Release|Any CPU.Build.0 = Release|Any CPU
		{A7073357-2927-4753-8246-C36DE65509BF}.Release|Any CPU.Deploy.0 = Release|Any CPU
		{A7073357-2927-4753-8246-C36DE65509BF}.Release|ARM.ActiveCfg = Release|Any CPU
		{A7073357-2927-4753-8246-C36DE65509BF}.Release|ARM.Build.0 = Release|Any CPU
		{A7073357-2927-4753-8246-C36DE65509BF}.Release|ARM.Deploy.0 = Release|Any CPU
		{A7073357-2927-4753-8246-C36DE65509BF}.Release|iPhone.ActiveCfg = Release|Any CPU
		{A7073357-2927-4753-8246-C36DE65509BF}.Release|iPhone.Build.0 = Release|Any CPU
		{A7073357-2927-4753-8246-C36DE65509BF}.Release|iPhone.Deploy.0 = Release|Any CPU
		{A7073357-2927-4753-8246-C36DE65509BF}.Release|iPhoneSimulator.ActiveCfg = Release|Any CPU
		{A7073357-2927-4753-8246-C36DE65509BF}.Release|iPhoneSimulator.Build.0 = Release|Any CPU
		{A7073357-2927-4753-8246-C36DE65509BF}.Release|iPhoneSimulator.Deploy.0 = Release|Any CPU
		{A7073357-2927-4753-8246-C36DE65509BF}.Release|x64.ActiveCfg = Release|Any CPU
		{A7073357-2927-4753-8246-C36DE65509BF}.Release|x64.Build.0 = Release|Any CPU
		{A7073357-2927-4753-8246-C36DE65509BF}.Release|x64.Deploy.0 = Release|Any CPU
		{A7073357-2927-4753-8246-C36DE65509BF}.Release|x86.ActiveCfg = Release|Any CPU
		{A7073357-2927-4753-8246-C36DE65509BF}.Release|x86.Build.0 = Release|Any CPU
		{A7073357-2927-4753-8246-C36DE65509BF}.Release|x86.Deploy.0 = Release|Any CPU
		{CDF5DA54-D687-411C-86E3-A73880FB6925}.Ad-Hoc|Any CPU.ActiveCfg = Ad-Hoc|iPhone
		{CDF5DA54-D687-411C-86E3-A73880FB6925}.Ad-Hoc|Any CPU.Build.0 = Ad-Hoc|iPhone
		{CDF5DA54-D687-411C-86E3-A73880FB6925}.Ad-Hoc|Any CPU.Deploy.0 = Ad-Hoc|iPhone
		{CDF5DA54-D687-411C-86E3-A73880FB6925}.Ad-Hoc|ARM.ActiveCfg = Ad-Hoc|iPhone
		{CDF5DA54-D687-411C-86E3-A73880FB6925}.Ad-Hoc|ARM.Build.0 = Ad-Hoc|iPhone
		{CDF5DA54-D687-411C-86E3-A73880FB6925}.Ad-Hoc|ARM.Deploy.0 = Ad-Hoc|iPhone
		{CDF5DA54-D687-411C-86E3-A73880FB6925}.Ad-Hoc|iPhone.ActiveCfg = Ad-Hoc|iPhone
		{CDF5DA54-D687-411C-86E3-A73880FB6925}.Ad-Hoc|iPhone.Build.0 = Ad-Hoc|iPhone
		{CDF5DA54-D687-411C-86E3-A73880FB6925}.Ad-Hoc|iPhone.Deploy.0 = Ad-Hoc|iPhone
		{CDF5DA54-D687-411C-86E3-A73880FB6925}.Ad-Hoc|iPhoneSimulator.ActiveCfg = Ad-Hoc|iPhoneSimulator
		{CDF5DA54-D687-411C-86E3-A73880FB6925}.Ad-Hoc|iPhoneSimulator.Build.0 = Ad-Hoc|iPhoneSimulator
		{CDF5DA54-D687-411C-86E3-A73880FB6925}.Ad-Hoc|iPhoneSimulator.Deploy.0 = Ad-Hoc|iPhoneSimulator
		{CDF5DA54-D687-411C-86E3-A73880FB6925}.Ad-Hoc|x64.ActiveCfg = Ad-Hoc|iPhone
		{CDF5DA54-D687-411C-86E3-A73880FB6925}.Ad-Hoc|x64.Build.0 = Ad-Hoc|iPhone
		{CDF5DA54-D687-411C-86E3-A73880FB6925}.Ad-Hoc|x64.Deploy.0 = Ad-Hoc|iPhone
		{CDF5DA54-D687-411C-86E3-A73880FB6925}.Ad-Hoc|x86.ActiveCfg = Ad-Hoc|iPhone
		{CDF5DA54-D687-411C-86E3-A73880FB6925}.Ad-Hoc|x86.Build.0 = Ad-Hoc|iPhone
		{CDF5DA54-D687-411C-86E3-A73880FB6925}.Ad-Hoc|x86.Deploy.0 = Ad-Hoc|iPhone
		{CDF5DA54-D687-411C-86E3-A73880FB6925}.AppStore|Any CPU.ActiveCfg = AppStore|iPhone
		{CDF5DA54-D687-411C-86E3-A73880FB6925}.AppStore|Any CPU.Build.0 = AppStore|iPhone
		{CDF5DA54-D687-411C-86E3-A73880FB6925}.AppStore|Any CPU.Deploy.0 = AppStore|iPhone
		{CDF5DA54-D687-411C-86E3-A73880FB6925}.AppStore|ARM.ActiveCfg = AppStore|iPhone
		{CDF5DA54-D687-411C-86E3-A73880FB6925}.AppStore|ARM.Build.0 = AppStore|iPhone
		{CDF5DA54-D687-411C-86E3-A73880FB6925}.AppStore|ARM.Deploy.0 = AppStore|iPhone
		{CDF5DA54-D687-411C-86E3-A73880FB6925}.AppStore|iPhone.ActiveCfg = AppStore|iPhone
		{CDF5DA54-D687-411C-86E3-A73880FB6925}.AppStore|iPhone.Build.0 = AppStore|iPhone
		{CDF5DA54-D687-411C-86E3-A73880FB6925}.AppStore|iPhone.Deploy.0 = AppStore|iPhone
		{CDF5DA54-D687-411C-86E3-A73880FB6925}.AppStore|iPhoneSimulator.ActiveCfg = AppStore|iPhoneSimulator
		{CDF5DA54-D687-411C-86E3-A73880FB6925}.AppStore|iPhoneSimulator.Build.0 = AppStore|iPhoneSimulator
		{CDF5DA54-D687-411C-86E3-A73880FB6925}.AppStore|iPhoneSimulator.Deploy.0 = AppStore|iPhoneSimulator
		{CDF5DA54-D687-411C-86E3-A73880FB6925}.AppStore|x64.ActiveCfg = AppStore|iPhone
		{CDF5DA54-D687-411C-86E3-A73880FB6925}.AppStore|x64.Build.0 = AppStore|iPhone
		{CDF5DA54-D687-411C-86E3-A73880FB6925}.AppStore|x64.Deploy.0 = AppStore|iPhone
		{CDF5DA54-D687-411C-86E3-A73880FB6925}.AppStore|x86.ActiveCfg = AppStore|iPhone
		{CDF5DA54-D687-411C-86E3-A73880FB6925}.AppStore|x86.Build.0 = AppStore|iPhone
		{CDF5DA54-D687-411C-86E3-A73880FB6925}.AppStore|x86.Deploy.0 = AppStore|iPhone
		{CDF5DA54-D687-411C-86E3-A73880FB6925}.Debug|Any CPU.ActiveCfg = Debug|iPhoneSimulator
		{CDF5DA54-D687-411C-86E3-A73880FB6925}.Debug|Any CPU.Build.0 = Debug|iPhoneSimulator
		{CDF5DA54-D687-411C-86E3-A73880FB6925}.Debug|Any CPU.Deploy.0 = Debug|iPhoneSimulator
		{CDF5DA54-D687-411C-86E3-A73880FB6925}.Debug|ARM.ActiveCfg = Debug|iPhone
		{CDF5DA54-D687-411C-86E3-A73880FB6925}.Debug|ARM.Build.0 = Debug|iPhone
		{CDF5DA54-D687-411C-86E3-A73880FB6925}.Debug|ARM.Deploy.0 = Debug|iPhone
		{CDF5DA54-D687-411C-86E3-A73880FB6925}.Debug|iPhone.ActiveCfg = Debug|iPhone
		{CDF5DA54-D687-411C-86E3-A73880FB6925}.Debug|iPhone.Build.0 = Debug|iPhone
		{CDF5DA54-D687-411C-86E3-A73880FB6925}.Debug|iPhone.Deploy.0 = Debug|iPhone
		{CDF5DA54-D687-411C-86E3-A73880FB6925}.Debug|iPhoneSimulator.ActiveCfg = Debug|iPhoneSimulator
		{CDF5DA54-D687-411C-86E3-A73880FB6925}.Debug|iPhoneSimulator.Build.0 = Debug|iPhoneSimulator
		{CDF5DA54-D687-411C-86E3-A73880FB6925}.Debug|iPhoneSimulator.Deploy.0 = Debug|iPhoneSimulator
		{CDF5DA54-D687-411C-86E3-A73880FB6925}.Debug|x64.ActiveCfg = Debug|iPhone
		{CDF5DA54-D687-411C-86E3-A73880FB6925}.Debug|x64.Build.0 = Debug|iPhone
		{CDF5DA54-D687-411C-86E3-A73880FB6925}.Debug|x64.Deploy.0 = Debug|iPhone
		{CDF5DA54-D687-411C-86E3-A73880FB6925}.Debug|x86.ActiveCfg = Debug|iPhone
		{CDF5DA54-D687-411C-86E3-A73880FB6925}.Debug|x86.Build.0 = Debug|iPhone
		{CDF5DA54-D687-411C-86E3-A73880FB6925}.Debug|x86.Deploy.0 = Debug|iPhone
		{CDF5DA54-D687-411C-86E3-A73880FB6925}.Release|Any CPU.ActiveCfg = Release|iPhone
		{CDF5DA54-D687-411C-86E3-A73880FB6925}.Release|Any CPU.Build.0 = Release|iPhone
		{CDF5DA54-D687-411C-86E3-A73880FB6925}.Release|Any CPU.Deploy.0 = Release|iPhone
		{CDF5DA54-D687-411C-86E3-A73880FB6925}.Release|ARM.ActiveCfg = Release|iPhone
		{CDF5DA54-D687-411C-86E3-A73880FB6925}.Release|ARM.Build.0 = Release|iPhone
		{CDF5DA54-D687-411C-86E3-A73880FB6925}.Release|ARM.Deploy.0 = Release|iPhone
		{CDF5DA54-D687-411C-86E3-A73880FB6925}.Release|iPhone.ActiveCfg = Release|iPhone
		{CDF5DA54-D687-411C-86E3-A73880FB6925}.Release|iPhone.Build.0 = Release|iPhone
		{CDF5DA54-D687-411C-86E3-A73880FB6925}.Release|iPhone.Deploy.0 = Release|iPhone
		{CDF5DA54-D687-411C-86E3-A73880FB6925}.Release|iPhoneSimulator.ActiveCfg = Release|iPhoneSimulator
		{CDF5DA54-D687-411C-86E3-A73880FB6925}.Release|iPhoneSimulator.Build.0 = Release|iPhoneSimulator
		{CDF5DA54-D687-411C-86E3-A73880FB6925}.Release|iPhoneSimulator.Deploy.0 = Release|iPhoneSimulator
		{CDF5DA54-D687-411C-86E3-A73880FB6925}.Release|x64.ActiveCfg = Release|iPhone
		{CDF5DA54-D687-411C-86E3-A73880FB6925}.Release|x64.Build.0 = Release|iPhone
		{CDF5DA54-D687-411C-86E3-A73880FB6925}.Release|x64.Deploy.0 = Release|iPhone
		{CDF5DA54-D687-411C-86E3-A73880FB6925}.Release|x86.ActiveCfg = Release|iPhone
		{CDF5DA54-D687-411C-86E3-A73880FB6925}.Release|x86.Build.0 = Release|iPhone
		{CDF5DA54-D687-411C-86E3-A73880FB6925}.Release|x86.Deploy.0 = Release|iPhone
		{81FF0AA9-1E6A-4882-8FBE-982367899739}.Ad-Hoc|Any CPU.ActiveCfg = Release|x86
		{81FF0AA9-1E6A-4882-8FBE-982367899739}.Ad-Hoc|Any CPU.Build.0 = Release|x86
		{81FF0AA9-1E6A-4882-8FBE-982367899739}.Ad-Hoc|Any CPU.Deploy.0 = Release|x86
		{81FF0AA9-1E6A-4882-8FBE-982367899739}.Ad-Hoc|ARM.ActiveCfg = Release|ARM
		{81FF0AA9-1E6A-4882-8FBE-982367899739}.Ad-Hoc|ARM.Build.0 = Release|ARM
		{81FF0AA9-1E6A-4882-8FBE-982367899739}.Ad-Hoc|ARM.Deploy.0 = Release|ARM
		{81FF0AA9-1E6A-4882-8FBE-982367899739}.Ad-Hoc|iPhone.ActiveCfg = Release|x86
		{81FF0AA9-1E6A-4882-8FBE-982367899739}.Ad-Hoc|iPhone.Build.0 = Release|x86
		{81FF0AA9-1E6A-4882-8FBE-982367899739}.Ad-Hoc|iPhone.Deploy.0 = Release|x86
		{81FF0AA9-1E6A-4882-8FBE-982367899739}.Ad-Hoc|iPhoneSimulator.ActiveCfg = Release|x86
		{81FF0AA9-1E6A-4882-8FBE-982367899739}.Ad-Hoc|iPhoneSimulator.Build.0 = Release|x86
		{81FF0AA9-1E6A-4882-8FBE-982367899739}.Ad-Hoc|iPhoneSimulator.Deploy.0 = Release|x86
		{81FF0AA9-1E6A-4882-8FBE-982367899739}.Ad-Hoc|x64.ActiveCfg = Release|x64
		{81FF0AA9-1E6A-4882-8FBE-982367899739}.Ad-Hoc|x64.Build.0 = Release|x64
		{81FF0AA9-1E6A-4882-8FBE-982367899739}.Ad-Hoc|x64.Deploy.0 = Release|x64
		{81FF0AA9-1E6A-4882-8FBE-982367899739}.Ad-Hoc|x86.ActiveCfg = Release|x86
		{81FF0AA9-1E6A-4882-8FBE-982367899739}.Ad-Hoc|x86.Build.0 = Release|x86
		{81FF0AA9-1E6A-4882-8FBE-982367899739}.Ad-Hoc|x86.Deploy.0 = Release|x86
		{81FF0AA9-1E6A-4882-8FBE-982367899739}.AppStore|Any CPU.ActiveCfg = Release|x86
		{81FF0AA9-1E6A-4882-8FBE-982367899739}.AppStore|Any CPU.Build.0 = Release|x86
		{81FF0AA9-1E6A-4882-8FBE-982367899739}.AppStore|Any CPU.Deploy.0 = Release|x86
		{81FF0AA9-1E6A-4882-8FBE-982367899739}.AppStore|ARM.ActiveCfg = Release|ARM
		{81FF0AA9-1E6A-4882-8FBE-982367899739}.AppStore|ARM.Build.0 = Release|ARM
		{81FF0AA9-1E6A-4882-8FBE-982367899739}.AppStore|ARM.Deploy.0 = Release|ARM
		{81FF0AA9-1E6A-4882-8FBE-982367899739}.AppStore|iPhone.ActiveCfg = Release|x86
		{81FF0AA9-1E6A-4882-8FBE-982367899739}.AppStore|iPhone.Build.0 = Release|x86
		{81FF0AA9-1E6A-4882-8FBE-982367899739}.AppStore|iPhone.Deploy.0 = Release|x86
		{81FF0AA9-1E6A-4882-8FBE-982367899739}.AppStore|iPhoneSimulator.ActiveCfg = Release|x86
		{81FF0AA9-1E6A-4882-8FBE-982367899739}.AppStore|iPhoneSimulator.Build.0 = Release|x86
		{81FF0AA9-1E6A-4882-8FBE-982367899739}.AppStore|iPhoneSimulator.Deploy.0 = Release|x86
		{81FF0AA9-1E6A-4882-8FBE-982367899739}.AppStore|x64.ActiveCfg = Release|x64
		{81FF0AA9-1E6A-4882-8FBE-982367899739}.AppStore|x64.Build.0 = Release|x64
		{81FF0AA9-1E6A-4882-8FBE-982367899739}.AppStore|x64.Deploy.0 = Release|x64
		{81FF0AA9-1E6A-4882-8FBE-982367899739}.AppStore|x86.ActiveCfg = Release|x86
		{81FF0AA9-1E6A-4882-8FBE-982367899739}.AppStore|x86.Build.0 = Release|x86
		{81FF0AA9-1E6A-4882-8FBE-982367899739}.AppStore|x86.Deploy.0 = Release|x86
		{81FF0AA9-1E6A-4882-8FBE-982367899739}.Debug|Any CPU.ActiveCfg = Debug|x86
		{81FF0AA9-1E6A-4882-8FBE-982367899739}.Debug|Any CPU.Build.0 = Debug|x86
		{81FF0AA9-1E6A-4882-8FBE-982367899739}.Debug|Any CPU.Deploy.0 = Debug|x86
		{81FF0AA9-1E6A-4882-8FBE-982367899739}.Debug|ARM.ActiveCfg = Debug|ARM
		{81FF0AA9-1E6A-4882-8FBE-982367899739}.Debug|ARM.Build.0 = Debug|ARM
		{81FF0AA9-1E6A-4882-8FBE-982367899739}.Debug|ARM.Deploy.0 = Debug|ARM
		{81FF0AA9-1E6A-4882-8FBE-982367899739}.Debug|iPhone.ActiveCfg = Debug|x86
		{81FF0AA9-1E6A-4882-8FBE-982367899739}.Debug|iPhone.Build.0 = Debug|x86
		{81FF0AA9-1E6A-4882-8FBE-982367899739}.Debug|iPhone.Deploy.0 = Debug|x86
		{81FF0AA9-1E6A-4882-8FBE-982367899739}.Debug|iPhoneSimulator.ActiveCfg = Debug|x86
		{81FF0AA9-1E6A-4882-8FBE-982367899739}.Debug|iPhoneSimulator.Build.0 = Debug|x86
		{81FF0AA9-1E6A-4882-8FBE-982367899739}.Debug|iPhoneSimulator.Deploy.0 = Debug|x86
		{81FF0AA9-1E6A-4882-8FBE-982367899739}.Debug|x64.ActiveCfg = Debug|x64
		{81FF0AA9-1E6A-4882-8FBE-982367899739}.Debug|x64.Build.0 = Debug|x64
		{81FF0AA9-1E6A-4882-8FBE-982367899739}.Debug|x64.Deploy.0 = Debug|x64
		{81FF0AA9-1E6A-4882-8FBE-982367899739}.Debug|x86.ActiveCfg = Debug|x86
		{81FF0AA9-1E6A-4882-8FBE-982367899739}.Debug|x86.Build.0 = Debug|x86
		{81FF0AA9-1E6A-4882-8FBE-982367899739}.Debug|x86.Deploy.0 = Debug|x86
		{81FF0AA9-1E6A-4882-8FBE-982367899739}.Release|Any CPU.ActiveCfg = Release|x86
		{81FF0AA9-1E6A-4882-8FBE-982367899739}.Release|Any CPU.Build.0 = Release|x86
		{81FF0AA9-1E6A-4882-8FBE-982367899739}.Release|Any CPU.Deploy.0 = Release|x86
		{81FF0AA9-1E6A-4882-8FBE-982367899739}.Release|ARM.ActiveCfg = Release|ARM
		{81FF0AA9-1E6A-4882-8FBE-982367899739}.Release|ARM.Build.0 = Release|ARM
		{81FF0AA9-1E6A-4882-8FBE-982367899739}.Release|ARM.Deploy.0 = Release|ARM
		{81FF0AA9-1E6A-4882-8FBE-982367899739}.Release|iPhone.ActiveCfg = Release|x86
		{81FF0AA9-1E6A-4882-8FBE-982367899739}.Release|iPhone.Build.0 = Release|x86
		{81FF0AA9-1E6A-4882-8FBE-982367899739}.Release|iPhone.Deploy.0 = Release|x86
		{81FF0AA9-1E6A-4882-8FBE-982367899739}.Release|iPhoneSimulator.ActiveCfg = Release|x86
		{81FF0AA9-1E6A-4882-8FBE-982367899739}.Release|iPhoneSimulator.Build.0 = Release|x86
		{81FF0AA9-1E6A-4882-8FBE-982367899739}.Release|iPhoneSimulator.Deploy.0 = Release|x86
		{81FF0AA9-1E6A-4882-8FBE-982367899739}.Release|x64.ActiveCfg = Release|x64
		{81FF0AA9-1E6A-4882-8FBE-982367899739}.Release|x64.Build.0 = Release|x64
		{81FF0AA9-1E6A-4882-8FBE-982367899739}.Release|x64.Deploy.0 = Release|x64
		{81FF0AA9-1E6A-4882-8FBE-982367899739}.Release|x86.ActiveCfg = Release|x86
		{81FF0AA9-1E6A-4882-8FBE-982367899739}.Release|x86.Build.0 = Release|x86
		{81FF0AA9-1E6A-4882-8FBE-982367899739}.Release|x86.Deploy.0 = Release|x86
	EndGlobalSection
	GlobalSection(SolutionProperties) = preSolution
		HideSolutionNode = FALSE
	EndGlobalSection
	GlobalSection(ExtensibilityGlobals) = postSolution
		SolutionGuid = {81E24DA4-08D5-4113-95AF-5A75A03E2F23}
	EndGlobalSection
EndGlobal
